
Microsoft Visual Studio Solution File, Format Version 12.00
# Visual Studio Version 17
VisualStudioVersion = 17.7.34202.233
MinimumVisualStudioVersion = 10.0.40219.1
Project("{9A19103F-16F7-4668-BE54-9A1E7A4F7556}") = "DataAccess", "DataAccess\DataAccess.csproj", "{32326433-9DA4-4249-909D-4E4057E550FB}"
EndProject
Project("{9A19103F-16F7-4668-BE54-9A1E7A4F7556}") = "Business", "Business\Business.csproj", "{BDDC8DBF-177F-4AB7-A4AC-60D668D9AA6E}"
EndProject
Project("{9A19103F-16F7-4668-BE54-9A1E7A4F7556}") = "Entities", "Entities\Entities.csproj", "{C233A517-192C-4D22-B7B0-3536B4AEB275}"
EndProject
Project("{9A19103F-16F7-4668-BE54-9A1E7A4F7556}") = "ConsoleUI", "ConsoleUI\ConsoleUI.csproj", "{645C703B-24C1-4849-BC90-2E9E4AEABF62}"
EndProject
Project("{9A19103F-16F7-4668-BE54-9A1E7A4F7556}") = "Core", "Core\Core.csproj", "{41D571C6-7698-4707-BA41-6D4D28C9A6ED}"
EndProject
Project("{FAE04EC0-301F-11D3-BF4B-00C04F79EFBC}") = "WebAPI", "WebAPI\WebAPI.csproj", "{65E891AF-F620-48EA-BD95-DE90D94B0615}"
EndProject
Global
	GlobalSection(SolutionConfigurationPlatforms) = preSolution
		Debug|Any CPU = Debug|Any CPU
		Release|Any CPU = Release|Any CPU
	EndGlobalSection
	GlobalSection(ProjectConfigurationPlatforms) = postSolution
		{32326433-9DA4-4249-909D-4E4057E550FB}.Debug|Any CPU.ActiveCfg = Debug|Any CPU
		{32326433-9DA4-4249-909D-4E4057E550FB}.Debug|Any CPU.Build.0 = Debug|Any CPU
		{32326433-9DA4-4249-909D-4E4057E550FB}.Release|Any CPU.ActiveCfg = Release|Any CPU
		{32326433-9DA4-4249-909D-4E4057E550FB}.Release|Any CPU.Build.0 = Release|Any CPU
		{BDDC8DBF-177F-4AB7-A4AC-60D668D9AA6E}.Debug|Any CPU.ActiveCfg = Debug|Any CPU
		{BDDC8DBF-177F-4AB7-A4AC-60D668D9AA6E}.Debug|Any CPU.Build.0 = Debug|Any CPU
		{BDDC8DBF-177F-4AB7-A4AC-60D668D9AA6E}.Release|Any CPU.ActiveCfg = Release|Any CPU
		{BDDC8DBF-177F-4AB7-A4AC-60D668D9AA6E}.Release|Any CPU.Build.0 = Release|Any CPU
		{C233A517-192C-4D22-B7B0-3536B4AEB275}.Debug|Any CPU.ActiveCfg = Debug|Any CPU
		{C233A517-192C-4D22-B7B0-3536B4AEB275}.Debug|Any CPU.Build.0 = Debug|Any CPU
		{C233A517-192C-4D22-B7B0-3536B4AEB275}.Release|Any CPU.ActiveCfg = Release|Any CPU
		{C233A517-192C-4D22-B7B0-3536B4AEB275}.Release|Any CPU.Build.0 = Release|Any CPU
		{645C703B-24C1-4849-BC90-2E9E4AEABF62}.Debug|Any CPU.ActiveCfg = Debug|Any CPU
		{645C703B-24C1-4849-BC90-2E9E4AEABF62}.Debug|Any CPU.Build.0 = Debug|Any CPU
		{645C703B-24C1-4849-BC90-2E9E4AEABF62}.Release|Any CPU.ActiveCfg = Release|Any CPU
		{645C703B-24C1-4849-BC90-2E9E4AEABF62}.Release|Any CPU.Build.0 = Release|Any CPU
		{41D571C6-7698-4707-BA41-6D4D28C9A6ED}.Debug|Any CPU.ActiveCfg = Debug|Any CPU
		{41D571C6-7698-4707-BA41-6D4D28C9A6ED}.Debug|Any CPU.Build.0 = Debug|Any CPU
		{41D571C6-7698-4707-BA41-6D4D28C9A6ED}.Release|Any CPU.ActiveCfg = Release|Any CPU
		{41D571C6-7698-4707-BA41-6D4D28C9A6ED}.Release|Any CPU.Build.0 = Release|Any CPU
		{65E891AF-F620-48EA-BD95-DE90D94B0615}.Debug|Any CPU.ActiveCfg = Debug|Any CPU
		{65E891AF-F620-48EA-BD95-DE90D94B0615}.Debug|Any CPU.Build.0 = Debug|Any CPU
		{65E891AF-F620-48EA-BD95-DE90D94B0615}.Release|Any CPU.ActiveCfg = Release|Any CPU
		{65E891AF-F620-48EA-BD95-DE90D94B0615}.Release|Any CPU.Build.0 = Release|Any CPU
	EndGlobalSection
	GlobalSection(SolutionProperties) = preSolution
		HideSolutionNode = FALSE
	EndGlobalSection
	GlobalSection(ExtensibilityGlobals) = postSolution
		SolutionGuid = {84AD732D-81C3-4C53-A8F3-82FB3D5671A3}
	EndGlobalSection
EndGlobal
